
Microsoft Visual Studio Solution File, Format Version 12.00
# Visual Studio Version 16
VisualStudioVersion = 16.0.30413.136
MinimumVisualStudioVersion = 10.0.40219.1
Project("{9A19103F-16F7-4668-BE54-9A1E7A4F7556}") = "delta-kusto", "delta-kusto\delta-kusto.csproj", "{59B550F3-3265-419A-8526-2E38DB5A0330}"
EndProject
Project("{9A19103F-16F7-4668-BE54-9A1E7A4F7556}") = "DeltaKustoLib", "DeltaKustoLib\DeltaKustoLib.csproj", "{3CAA96FF-DC0C-45C3-B71B-91F7CB86160C}"
EndProject
Project("{9A19103F-16F7-4668-BE54-9A1E7A4F7556}") = "DeltaKustoUnitTest", "DeltaKustoUnitTest\DeltaKustoUnitTest.csproj", "{281A0C61-FD53-4F22-946D-D88C0BCEE198}"
EndProject
Project("{FAE04EC0-301F-11D3-BF4B-00C04F79EFBC}") = "DeltaKustoIntegration", "DeltaKustoIntegration\DeltaKustoIntegration.csproj", "{44C7972D-7EC1-4A3C-99E0-64D06478D62C}"
EndProject
Global
	GlobalSection(SolutionConfigurationPlatforms) = preSolution
		Debug|Any CPU = Debug|Any CPU
		Release|Any CPU = Release|Any CPU
	EndGlobalSection
	GlobalSection(ProjectConfigurationPlatforms) = postSolution
		{59B550F3-3265-419A-8526-2E38DB5A0330}.Debug|Any CPU.ActiveCfg = Debug|Any CPU
		{59B550F3-3265-419A-8526-2E38DB5A0330}.Debug|Any CPU.Build.0 = Debug|Any CPU
		{59B550F3-3265-419A-8526-2E38DB5A0330}.Release|Any CPU.ActiveCfg = Release|Any CPU
		{59B550F3-3265-419A-8526-2E38DB5A0330}.Release|Any CPU.Build.0 = Release|Any CPU
		{3CAA96FF-DC0C-45C3-B71B-91F7CB86160C}.Debug|Any CPU.ActiveCfg = Debug|Any CPU
		{3CAA96FF-DC0C-45C3-B71B-91F7CB86160C}.Debug|Any CPU.Build.0 = Debug|Any CPU
		{3CAA96FF-DC0C-45C3-B71B-91F7CB86160C}.Release|Any CPU.ActiveCfg = Release|Any CPU
		{3CAA96FF-DC0C-45C3-B71B-91F7CB86160C}.Release|Any CPU.Build.0 = Release|Any CPU
		{281A0C61-FD53-4F22-946D-D88C0BCEE198}.Debug|Any CPU.ActiveCfg = Debug|Any CPU
		{281A0C61-FD53-4F22-946D-D88C0BCEE198}.Debug|Any CPU.Build.0 = Debug|Any CPU
		{281A0C61-FD53-4F22-946D-D88C0BCEE198}.Release|Any CPU.ActiveCfg = Release|Any CPU
		{281A0C61-FD53-4F22-946D-D88C0BCEE198}.Release|Any CPU.Build.0 = Release|Any CPU
		{44C7972D-7EC1-4A3C-99E0-64D06478D62C}.Debug|Any CPU.ActiveCfg = Debug|Any CPU
		{44C7972D-7EC1-4A3C-99E0-64D06478D62C}.Debug|Any CPU.Build.0 = Debug|Any CPU
		{44C7972D-7EC1-4A3C-99E0-64D06478D62C}.Release|Any CPU.ActiveCfg = Release|Any CPU
		{44C7972D-7EC1-4A3C-99E0-64D06478D62C}.Release|Any CPU.Build.0 = Release|Any CPU
	EndGlobalSection
	GlobalSection(SolutionProperties) = preSolution
		HideSolutionNode = FALSE
	EndGlobalSection
	GlobalSection(ExtensibilityGlobals) = postSolution
		SolutionGuid = {82E1BB47-2CB6-44B8-9875-0E7B1ECC9D88}
	EndGlobalSection
EndGlobal
